
Microsoft Visual Studio Solution File, Format Version 12.00
Project("{F2A71F9B-5D33-465A-A702-920D77279786}") = "FSharp-Todo-WebApi-Sample", "FSharp-Todo-WebApi-Sample\FSharp-Todo-WebApi-Sample.fsproj", "{F42863B5-3A49-4352-A009-FA7CDCDE7FAF}"
EndProject
Global
	GlobalSection(SolutionConfigurationPlatforms) = preSolution
		Debug|Any CPU = Debug|Any CPU
		Release|Any CPU = Release|Any CPU
	EndGlobalSection
	GlobalSection(ProjectConfigurationPlatforms) = postSolution
		{F42863B5-3A49-4352-A009-FA7CDCDE7FAF}.Debug|Any CPU.ActiveCfg = Debug|Any CPU
		{F42863B5-3A49-4352-A009-FA7CDCDE7FAF}.Debug|Any CPU.Build.0 = Debug|Any CPU
		{F42863B5-3A49-4352-A009-FA7CDCDE7FAF}.Release|Any CPU.ActiveCfg = Release|Any CPU
		{F42863B5-3A49-4352-A009-FA7CDCDE7FAF}.Release|Any CPU.Build.0 = Release|Any CPU
	EndGlobalSection
EndGlobal
